
Microsoft Visual Studio Solution File, Format Version 12.00
# Visual Studio Version 17
VisualStudioVersion = 17.10.35122.118
MinimumVisualStudioVersion = 10.0.40219.1
Project("{FAE04EC0-301F-11D3-BF4B-00C04F79EFBC}") = "BookShop", "BookShop\BookShop.csproj", "{9B8021E2-9AA1-40DE-B59D-7C40C47F3662}"
EndProject
Global
	GlobalSection(SolutionConfigurationPlatforms) = preSolution
		Debug|Any CPU = Debug|Any CPU
		Release|Any CPU = Release|Any CPU
	EndGlobalSection
	GlobalSection(ProjectConfigurationPlatforms) = postSolution
		{9B8021E2-9AA1-40DE-B59D-7C40C47F3662}.Debug|Any CPU.ActiveCfg = Debug|Any CPU
		{9B8021E2-9AA1-40DE-B59D-7C40C47F3662}.Debug|Any CPU.Build.0 = Debug|Any CPU
		{9B8021E2-9AA1-40DE-B59D-7C40C47F3662}.Release|Any CPU.ActiveCfg = Release|Any CPU
		{9B8021E2-9AA1-40DE-B59D-7C40C47F3662}.Release|Any CPU.Build.0 = Release|Any CPU
	EndGlobalSection
	GlobalSection(SolutionProperties) = preSolution
		HideSolutionNode = FALSE
	EndGlobalSection
	GlobalSection(ExtensibilityGlobals) = postSolution
		SolutionGuid = {F299F4DF-A16A-4809-A192-28DB89AC7144}
	EndGlobalSection
EndGlobal
